
Microsoft Visual Studio Solution File, Format Version 12.00
# Visual Studio Version 17
VisualStudioVersion = 17.9.34616.47
MinimumVisualStudioVersion = 10.0.40219.1
Project("{FAE04EC0-301F-11D3-BF4B-00C04F79EFBC}") = "For", "For.csproj", "{6D94FD35-06C7-4F1E-B13D-2557CCC3FA25}"
EndProject
Global
	GlobalSection(SolutionConfigurationPlatforms) = preSolution
		Debug|Any CPU = Debug|Any CPU
		Release|Any CPU = Release|Any CPU
	EndGlobalSection
	GlobalSection(ProjectConfigurationPlatforms) = postSolution
		{6D94FD35-06C7-4F1E-B13D-2557CCC3FA25}.Debug|Any CPU.ActiveCfg = Debug|Any CPU
		{6D94FD35-06C7-4F1E-B13D-2557CCC3FA25}.Debug|Any CPU.Build.0 = Debug|Any CPU
		{6D94FD35-06C7-4F1E-B13D-2557CCC3FA25}.Release|Any CPU.ActiveCfg = Release|Any CPU
		{6D94FD35-06C7-4F1E-B13D-2557CCC3FA25}.Release|Any CPU.Build.0 = Release|Any CPU
	EndGlobalSection
	GlobalSection(SolutionProperties) = preSolution
		HideSolutionNode = FALSE
	EndGlobalSection
	GlobalSection(ExtensibilityGlobals) = postSolution
		SolutionGuid = {9BF466D4-8205-43C5-8816-12DE35159FB0}
	EndGlobalSection
EndGlobal
